{
    "_readme": [
        "This file locks the dependencies of your project to a known state",
        "Read more about it at https://getcomposer.org/doc/01-basic-usage.md#installing-dependencies",
        "This file is @generated automatically"
    ],
    "content-hash": "9f08237b09aa3b894d743d95a878437a",
    "packages": [
        {
            "name": "ratepay/php-library",
            "version": "dev-master",
            "source": {
                "type": "git",
                "url": "https://github.com/ratepay/php-library.git",
                "reference": "10b510f657d40eaa4fd8e60e640cf1980aa76df2"
            },
            "dist": {
                "type": "zip",
                "url": "https://api.github.com/repos/ratepay/php-library/zipball/10b510f657d40eaa4fd8e60e640cf1980aa76df2",
                "reference": "10b510f657d40eaa4fd8e60e640cf1980aa76df2",
                "shasum": ""
            },
            "require": {
                "php": ">=5.4"
            },
            "require-dev": {
                "donatj/mock-webserver": "v2.1.0",
                "phpunit/phpunit": "5.7.*"
            },
            "type": "library",
            "autoload": {
                "psr-4": {
                    "RatePAY\\": "src/"
                }
            },
            "notification-url": "https://packagist.org/downloads/",
            "license": [
                "MIT"
            ],
            "authors": [
                {
                    "name": "Aarne Welschlau",
                    "email": "aarne.welschlau@ratepay.com"
                }
            ],
            "description": "RatePAY API PHP Library",
            "homepage": "https://ratepay.gitbook.io/docs/",
            "time": "2020-02-24T08:59:44+00:00"
        }
    ],
    "packages-dev": [],
    "aliases": [],
    "minimum-stability": "stable",
    "stability-flags": {
        "ratepay/php-library": 20
    },
    "prefer-stable": false,
    "prefer-lowest": false,
    "platform": [],
    "platform-dev": []
}
