{
    "_readme": [
        "This file locks the dependencies of your project to a known state",
        "Read more about it at https://getcomposer.org/doc/01-basic-usage.md#installing-dependencies",
        "This file is @generated automatically"
    ],
    "content-hash": "f5e7302a329cd5b529617bec24e1fb8f",
    "packages": [
        {
            "name": "ratepay/php-library",
            "version": "1.0.2",
            "source": {
                "type": "git",
                "url": "https://github.com/ratepay/php-library.git",
                "reference": "93e54a636356ad8af5f14826eb0d667537ec8157"
            },
            "dist": {
                "type": "zip",
                "url": "https://api.github.com/repos/ratepay/php-library/zipball/93e54a636356ad8af5f14826eb0d667537ec8157",
                "reference": "93e54a636356ad8af5f14826eb0d667537ec8157",
                "shasum": ""
            },
            "require": {
                "ext-curl": "*",
                "ext-json": "*",
                "ext-simplexml": "*",
                "php": ">=5.4"
            },
            "require-dev": {
                "donatj/mock-webserver": "v2.1.0",
                "friendsofphp/php-cs-fixer": "^2.17@dev",
                "phpunit/phpunit": "5.7.*"
            },
            "type": "library",
            "autoload": {
                "psr-4": {
                    "RatePAY\\": "src/"
                }
            },
            "notification-url": "https://packagist.org/downloads/",
            "license": [
                "MIT"
            ],
            "authors": [
                {
                    "name": "Eduardo Iriarte",
                    "email": "eduardo.iriarte-mendez@ratepay.com"
                }
            ],
            "description": "RatePAY API PHP Library",
            "homepage": "https://ratepay.gitbook.io/docs/",
            "time": "2020-07-15T15:20:57+00:00"
        }
    ],
    "packages-dev": [],
    "aliases": [],
    "minimum-stability": "stable",
    "stability-flags": [],
    "prefer-stable": false,
    "prefer-lowest": false,
    "platform": [],
    "platform-dev": [],
    "plugin-api-version": "1.1.0"
}
